
Microsoft Visual Studio Solution File, Format Version 12.00
# Visual Studio Version 17
VisualStudioVersion = 17.14.36221.1 d17.14
MinimumVisualStudioVersion = 10.0.40219.1
Project("{FAE04EC0-301F-11D3-BF4B-00C04F79EFBC}") = "Requeteur.Amplitude", "Requeteur.Amplitude\Requeteur.Amplitude.csproj", "{0356C19D-816E-4EA5-BF86-257E0D4DE934}"
EndProject
Global
	GlobalSection(SolutionConfigurationPlatforms) = preSolution
		Debug|Any CPU = Debug|Any CPU
		Release|Any CPU = Release|Any CPU
	EndGlobalSection
	GlobalSection(ProjectConfigurationPlatforms) = postSolution
		{0356C19D-816E-4EA5-BF86-257E0D4DE934}.Debug|Any CPU.ActiveCfg = Debug|Any CPU
		{0356C19D-816E-4EA5-BF86-257E0D4DE934}.Debug|Any CPU.Build.0 = Debug|Any CPU
		{0356C19D-816E-4EA5-BF86-257E0D4DE934}.Release|Any CPU.ActiveCfg = Release|Any CPU
		{0356C19D-816E-4EA5-BF86-257E0D4DE934}.Release|Any CPU.Build.0 = Release|Any CPU
	EndGlobalSection
	GlobalSection(SolutionProperties) = preSolution
		HideSolutionNode = FALSE
	EndGlobalSection
	GlobalSection(ExtensibilityGlobals) = postSolution
		SolutionGuid = {38619C29-CF97-4256-9A7B-14772E773456}
	EndGlobalSection
EndGlobal
